
Microsoft Visual Studio Solution File, Format Version 12.00
# Visual Studio Version 16
VisualStudioVersion = 16.0.31729.503
MinimumVisualStudioVersion = 10.0.40219.1
Project("{FAE04EC0-301F-11D3-BF4B-00C04F79EFBC}") = "Restaurants57Blocks.Api", "Restaurants57Blocks.Api\Restaurants57Blocks.Api.csproj", "{788DEF74-4D9E-4625-B0A8-823ED693450F}"
EndProject
Project("{FAE04EC0-301F-11D3-BF4B-00C04F79EFBC}") = "Restaurants57Blocks.Application", "Restaurants57Blocks.Application\Restaurants57Blocks.Application.csproj", "{E4FCCA06-71A4-4ED0-9710-EC3B98F6BC2A}"
EndProject
Project("{FAE04EC0-301F-11D3-BF4B-00C04F79EFBC}") = "Restaurants57Blocks.Infrastructure", "Restaurants57Blocks.Infrastructure\Restaurants57Blocks.Infrastructure.csproj", "{49B71765-F41F-4DC0-BA58-173AD3A9F080}"
EndProject
Project("{FAE04EC0-301F-11D3-BF4B-00C04F79EFBC}") = "Restaurants57Blocks.Domain", "Restaurants57Blocks.Domain\Restaurants57Blocks.Domain.csproj", "{6EF9FBE0-921A-4D65-BB16-9EA257CB2104}"
EndProject
Project("{FAE04EC0-301F-11D3-BF4B-00C04F79EFBC}") = "Restaurants57Blocks.Common", "Restaurants57Blocks.Common\Restaurants57Blocks.Common.csproj", "{B5423000-2B2D-48DD-8512-FEEB3E50F736}"
EndProject
Project("{FAE04EC0-301F-11D3-BF4B-00C04F79EFBC}") = "Restaurants57Blocks.Test", "Restaurants57Blocks.Test\Restaurants57Blocks.Test.csproj", "{8B56FBEF-8053-4564-991E-8DCCF576A52C}"
EndProject
Global
	GlobalSection(SolutionConfigurationPlatforms) = preSolution
		Debug|Any CPU = Debug|Any CPU
		Release|Any CPU = Release|Any CPU
	EndGlobalSection
	GlobalSection(ProjectConfigurationPlatforms) = postSolution
		{788DEF74-4D9E-4625-B0A8-823ED693450F}.Debug|Any CPU.ActiveCfg = Debug|Any CPU
		{788DEF74-4D9E-4625-B0A8-823ED693450F}.Debug|Any CPU.Build.0 = Debug|Any CPU
		{788DEF74-4D9E-4625-B0A8-823ED693450F}.Release|Any CPU.ActiveCfg = Release|Any CPU
		{788DEF74-4D9E-4625-B0A8-823ED693450F}.Release|Any CPU.Build.0 = Release|Any CPU
		{E4FCCA06-71A4-4ED0-9710-EC3B98F6BC2A}.Debug|Any CPU.ActiveCfg = Debug|Any CPU
		{E4FCCA06-71A4-4ED0-9710-EC3B98F6BC2A}.Debug|Any CPU.Build.0 = Debug|Any CPU
		{E4FCCA06-71A4-4ED0-9710-EC3B98F6BC2A}.Release|Any CPU.ActiveCfg = Release|Any CPU
		{E4FCCA06-71A4-4ED0-9710-EC3B98F6BC2A}.Release|Any CPU.Build.0 = Release|Any CPU
		{49B71765-F41F-4DC0-BA58-173AD3A9F080}.Debug|Any CPU.ActiveCfg = Debug|Any CPU
		{49B71765-F41F-4DC0-BA58-173AD3A9F080}.Debug|Any CPU.Build.0 = Debug|Any CPU
		{49B71765-F41F-4DC0-BA58-173AD3A9F080}.Release|Any CPU.ActiveCfg = Release|Any CPU
		{49B71765-F41F-4DC0-BA58-173AD3A9F080}.Release|Any CPU.Build.0 = Release|Any CPU
		{6EF9FBE0-921A-4D65-BB16-9EA257CB2104}.Debug|Any CPU.ActiveCfg = Debug|Any CPU
		{6EF9FBE0-921A-4D65-BB16-9EA257CB2104}.Debug|Any CPU.Build.0 = Debug|Any CPU
		{6EF9FBE0-921A-4D65-BB16-9EA257CB2104}.Release|Any CPU.ActiveCfg = Release|Any CPU
		{6EF9FBE0-921A-4D65-BB16-9EA257CB2104}.Release|Any CPU.Build.0 = Release|Any CPU
		{B5423000-2B2D-48DD-8512-FEEB3E50F736}.Debug|Any CPU.ActiveCfg = Debug|Any CPU
		{B5423000-2B2D-48DD-8512-FEEB3E50F736}.Debug|Any CPU.Build.0 = Debug|Any CPU
		{B5423000-2B2D-48DD-8512-FEEB3E50F736}.Release|Any CPU.ActiveCfg = Release|Any CPU
		{B5423000-2B2D-48DD-8512-FEEB3E50F736}.Release|Any CPU.Build.0 = Release|Any CPU
		{8B56FBEF-8053-4564-991E-8DCCF576A52C}.Debug|Any CPU.ActiveCfg = Debug|Any CPU
		{8B56FBEF-8053-4564-991E-8DCCF576A52C}.Debug|Any CPU.Build.0 = Debug|Any CPU
		{8B56FBEF-8053-4564-991E-8DCCF576A52C}.Release|Any CPU.ActiveCfg = Release|Any CPU
		{8B56FBEF-8053-4564-991E-8DCCF576A52C}.Release|Any CPU.Build.0 = Release|Any CPU
	EndGlobalSection
	GlobalSection(SolutionProperties) = preSolution
		HideSolutionNode = FALSE
	EndGlobalSection
	GlobalSection(ExtensibilityGlobals) = postSolution
		SolutionGuid = {0CC22F74-5DBD-4758-BC57-9ADCF8D6FC06}
	EndGlobalSection
EndGlobal
